
Microsoft Visual Studio Solution File, Format Version 12.00
# Visual Studio 14
VisualStudioVersion = 14.0.23107.0
MinimumVisualStudioVersion = 10.0.40219.1
Project("{8BC9CEB8-8B4A-11D0-8D11-00A0C91BC942}") = "Exam2_CS273", "Exam2_CS273\Exam2_CS273.vcxproj", "{3B80E1E5-52EA-4E1D-A297-EBE1A084862D}"
EndProject
Global
	GlobalSection(SolutionConfigurationPlatforms) = preSolution
		Debug|x64 = Debug|x64
		Debug|x86 = Debug|x86
		Release|x64 = Release|x64
		Release|x86 = Release|x86
	EndGlobalSection
	GlobalSection(ProjectConfigurationPlatforms) = postSolution
		{3B80E1E5-52EA-4E1D-A297-EBE1A084862D}.Debug|x64.ActiveCfg = Debug|x64
		{3B80E1E5-52EA-4E1D-A297-EBE1A084862D}.Debug|x64.Build.0 = Debug|x64
		{3B80E1E5-52EA-4E1D-A297-EBE1A084862D}.Debug|x86.ActiveCfg = Debug|Win32
		{3B80E1E5-52EA-4E1D-A297-EBE1A084862D}.Debug|x86.Build.0 = Debug|Win32
		{3B80E1E5-52EA-4E1D-A297-EBE1A084862D}.Release|x64.ActiveCfg = Release|x64
		{3B80E1E5-52EA-4E1D-A297-EBE1A084862D}.Release|x64.Build.0 = Release|x64
		{3B80E1E5-52EA-4E1D-A297-EBE1A084862D}.Release|x86.ActiveCfg = Release|Win32
		{3B80E1E5-52EA-4E1D-A297-EBE1A084862D}.Release|x86.Build.0 = Release|Win32
	EndGlobalSection
	GlobalSection(SolutionProperties) = preSolution
		HideSolutionNode = FALSE
	EndGlobalSection
EndGlobal
